
Microsoft Visual Studio Solution File, Format Version 12.00
# Visual Studio Version 16
VisualStudioVersion = 16.0.30711.63
MinimumVisualStudioVersion = 10.0.40219.1
Project("{9A19103F-16F7-4668-BE54-9A1E7A4F7556}") = "EksamensOpgave", "EksamensOpgaveFrederikJakobsen\EksamensOpgave.csproj", "{70562E56-8146-4B5E-9BF5-0E083180B786}"
EndProject
Project("{FAE04EC0-301F-11D3-BF4B-00C04F79EFBC}") = "UnitTestProject", "UnitTestProject\UnitTestProject.csproj", "{3E60EDC6-8164-4C25-A977-5C4727A647C6}"
EndProject
Global
	GlobalSection(SolutionConfigurationPlatforms) = preSolution
		Debug|Any CPU = Debug|Any CPU
		Release|Any CPU = Release|Any CPU
	EndGlobalSection
	GlobalSection(ProjectConfigurationPlatforms) = postSolution
		{70562E56-8146-4B5E-9BF5-0E083180B786}.Debug|Any CPU.ActiveCfg = Debug|Any CPU
		{70562E56-8146-4B5E-9BF5-0E083180B786}.Debug|Any CPU.Build.0 = Debug|Any CPU
		{70562E56-8146-4B5E-9BF5-0E083180B786}.Release|Any CPU.ActiveCfg = Release|Any CPU
		{70562E56-8146-4B5E-9BF5-0E083180B786}.Release|Any CPU.Build.0 = Release|Any CPU
		{3E60EDC6-8164-4C25-A977-5C4727A647C6}.Debug|Any CPU.ActiveCfg = Debug|Any CPU
		{3E60EDC6-8164-4C25-A977-5C4727A647C6}.Debug|Any CPU.Build.0 = Debug|Any CPU
		{3E60EDC6-8164-4C25-A977-5C4727A647C6}.Release|Any CPU.ActiveCfg = Release|Any CPU
		{3E60EDC6-8164-4C25-A977-5C4727A647C6}.Release|Any CPU.Build.0 = Release|Any CPU
	EndGlobalSection
	GlobalSection(SolutionProperties) = preSolution
		HideSolutionNode = FALSE
	EndGlobalSection
	GlobalSection(ExtensibilityGlobals) = postSolution
		SolutionGuid = {42129279-6344-4B40-97A3-265342406E5F}
	EndGlobalSection
EndGlobal
