
Microsoft Visual Studio Solution File, Format Version 12.00
# Visual Studio Version 16
VisualStudioVersion = 16.0.30413.136
MinimumVisualStudioVersion = 10.0.40219.1
Project("{FAE04EC0-301F-11D3-BF4B-00C04F79EFBC}") = "lector1", "lector1\lector1.csproj", "{460A3CF8-82BD-40F1-8790-FF87E278D325}"
EndProject
Global
	GlobalSection(SolutionConfigurationPlatforms) = preSolution
		Debug|Any CPU = Debug|Any CPU
		Release|Any CPU = Release|Any CPU
	EndGlobalSection
	GlobalSection(ProjectConfigurationPlatforms) = postSolution
		{460A3CF8-82BD-40F1-8790-FF87E278D325}.Debug|Any CPU.ActiveCfg = Debug|Any CPU
		{460A3CF8-82BD-40F1-8790-FF87E278D325}.Debug|Any CPU.Build.0 = Debug|Any CPU
		{460A3CF8-82BD-40F1-8790-FF87E278D325}.Release|Any CPU.ActiveCfg = Release|Any CPU
		{460A3CF8-82BD-40F1-8790-FF87E278D325}.Release|Any CPU.Build.0 = Release|Any CPU
	EndGlobalSection
	GlobalSection(SolutionProperties) = preSolution
		HideSolutionNode = FALSE
	EndGlobalSection
	GlobalSection(ExtensibilityGlobals) = postSolution
		SolutionGuid = {459620F6-3594-42E2-BB99-59890A55DE8D}
	EndGlobalSection
EndGlobal
